// !$*UTF8*$!
{
	archiveVersion = 1;
	classes = {
	};
	objectVersion = 48;
	objects = {

/* Begin PBXBuildFile section */
		46095E435E9F7C0EBAB9C90F /* Pods_drip.framework in Frameworks */ = {isa = PBXBuildFile; fileRef = EB111BB7365A997C62ADAA82 /* Pods_drip.framework */; };
		7B079C4823030CC300EDB99E /* CoffeeChartCell.swift in Sources */ = {isa = PBXBuildFile; fileRef = 7B079C4723030CC300EDB99E /* CoffeeChartCell.swift */; };
		7B079C4A23030EF800EDB99E /* DetailViewController.swift in Sources */ = {isa = PBXBuildFile; fileRef = 7B079C4923030EF800EDB99E /* DetailViewController.swift */; };
		7B079C4C23030F3300EDB99E /* CoffeeTableViewController.swift in Sources */ = {isa = PBXBuildFile; fileRef = 7B079C4B23030F3300EDB99E /* CoffeeTableViewController.swift */; };
		7B079C4E2303426900EDB99E /* CoffeeOverviewCell.swift in Sources */ = {isa = PBXBuildFile; fileRef = 7B079C4D2303426900EDB99E /* CoffeeOverviewCell.swift */; };
		7B079C51230346D900EDB99E /* Extensions.swift in Sources */ = {isa = PBXBuildFile; fileRef = 7B079C50230346D900EDB99E /* Extensions.swift */; };
		7B079C5323035C6700EDB99E /* CoffeeHistoryCell.swift in Sources */ = {isa = PBXBuildFile; fileRef = 7B079C5223035C6600EDB99E /* CoffeeHistoryCell.swift */; };
		7B07B0FB2304809000BC1712 /* StatsViewController.swift in Sources */ = {isa = PBXBuildFile; fileRef = 7B07B0FA2304809000BC1712 /* StatsViewController.swift */; };
		7B07B0FD2304EC1100BC1712 /* StatCell.swift in Sources */ = {isa = PBXBuildFile; fileRef = 7B07B0FC2304EC1100BC1712 /* StatCell.swift */; };
		7B07B1012304F7B000BC1712 /* DayFormatter.swift in Sources */ = {isa = PBXBuildFile; fileRef = 7B07B1002304F7B000BC1712 /* DayFormatter.swift */; };
		D406177A210634BF003783CE /* QuartzCore.framework in Frameworks */ = {isa = PBXBuildFile; fileRef = D4061779210634BF003783CE /* QuartzCore.framework */; };
		D40617862107C1E0003783CE /* MapKit.framework in Frameworks */ = {isa = PBXBuildFile; fileRef = D40617852107C1DF003783CE /* MapKit.framework */; };
		D40617882107C2A8003783CE /* DiscoverViewController.swift in Sources */ = {isa = PBXBuildFile; fileRef = D40617872107C2A8003783CE /* DiscoverViewController.swift */; };
		D42A181920AF1E04002CBD17 /* AppDelegate.swift in Sources */ = {isa = PBXBuildFile; fileRef = D42A181820AF1E04002CBD17 /* AppDelegate.swift */; };
		D42A181B20AF1E04002CBD17 /* NewEntryController.swift in Sources */ = {isa = PBXBuildFile; fileRef = D42A181A20AF1E04002CBD17 /* NewEntryController.swift */; };
		D42A182020AF1E05002CBD17 /* Main.storyboard in Resources */ = {isa = PBXBuildFile; fileRef = D42A181E20AF1E05002CBD17 /* Main.storyboard */; };
		D42A182220AF1E05002CBD17 /* Assets.xcassets in Resources */ = {isa = PBXBuildFile; fileRef = D42A182120AF1E05002CBD17 /* Assets.xcassets */; };
		D42A182520AF1E05002CBD17 /* LaunchScreen.storyboard in Resources */ = {isa = PBXBuildFile; fileRef = D42A182320AF1E05002CBD17 /* LaunchScreen.storyboard */; };
		D42A182D20AF21B6002CBD17 /* README.md in Resources */ = {isa = PBXBuildFile; fileRef = D42A182C20AF21B6002CBD17 /* README.md */; };
		D447A0CE20B48AD5008E201D /* FlavorWheelEditViewController.swift in Sources */ = {isa = PBXBuildFile; fileRef = D447A0CD20B48AD5008E201D /* FlavorWheelEditViewController.swift */; };
		D447A0EC20B7357F008E201D /* Models.swift in Sources */ = {isa = PBXBuildFile; fileRef = D447A0EB20B7357F008E201D /* Models.swift */; };
		D467CC952110FB2200F40129 /* SettingsViewController.swift in Sources */ = {isa = PBXBuildFile; fileRef = D467CC942110FB2200F40129 /* SettingsViewController.swift */; };
		D4D282002101163D00F29E49 /* CoffeeTableViewCell.swift in Sources */ = {isa = PBXBuildFile; fileRef = D4D281FF2101163D00F29E49 /* CoffeeTableViewCell.swift */; };
/* End PBXBuildFile section */

/* Begin PBXFileReference section */
		00329BD8CAC70D00FA8C87C1 /* Pods-drip.debug.xcconfig */ = {isa = PBXFileReference; includeInIndex = 1; lastKnownFileType = text.xcconfig; name = "Pods-drip.debug.xcconfig"; path = "Pods/Target Support Files/Pods-drip/Pods-drip.debug.xcconfig"; sourceTree = "<group>"; };
		5AD2D166E83ACF0F71F10846 /* Pods-drip.release.xcconfig */ = {isa = PBXFileReference; includeInIndex = 1; lastKnownFileType = text.xcconfig; name = "Pods-drip.release.xcconfig"; path = "Pods/Target Support Files/Pods-drip/Pods-drip.release.xcconfig"; sourceTree = "<group>"; };
		7B079C4723030CC300EDB99E /* CoffeeChartCell.swift */ = {isa = PBXFileReference; lastKnownFileType = sourcecode.swift; path = CoffeeChartCell.swift; sourceTree = "<group>"; };
		7B079C4923030EF800EDB99E /* DetailViewController.swift */ = {isa = PBXFileReference; lastKnownFileType = sourcecode.swift; path = DetailViewController.swift; sourceTree = "<group>"; };
		7B079C4B23030F3300EDB99E /* CoffeeTableViewController.swift */ = {isa = PBXFileReference; fileEncoding = 4; lastKnownFileType = sourcecode.swift; path = CoffeeTableViewController.swift; sourceTree = "<group>"; };
		7B079C4D2303426900EDB99E /* CoffeeOverviewCell.swift */ = {isa = PBXFileReference; lastKnownFileType = sourcecode.swift; path = CoffeeOverviewCell.swift; sourceTree = "<group>"; };
		7B079C50230346D900EDB99E /* Extensions.swift */ = {isa = PBXFileReference; lastKnownFileType = sourcecode.swift; path = Extensions.swift; sourceTree = "<group>"; };
		7B079C5223035C6600EDB99E /* CoffeeHistoryCell.swift */ = {isa = PBXFileReference; lastKnownFileType = sourcecode.swift; path = CoffeeHistoryCell.swift; sourceTree = "<group>"; };
		7B07B0FA2304809000BC1712 /* StatsViewController.swift */ = {isa = PBXFileReference; lastKnownFileType = sourcecode.swift; path = StatsViewController.swift; sourceTree = "<group>"; };
		7B07B0FC2304EC1100BC1712 /* StatCell.swift */ = {isa = PBXFileReference; lastKnownFileType = sourcecode.swift; path = StatCell.swift; sourceTree = "<group>"; };
		7B07B1002304F7B000BC1712 /* DayFormatter.swift */ = {isa = PBXFileReference; lastKnownFileType = sourcecode.swift; path = DayFormatter.swift; sourceTree = "<group>"; };
		7B4026B82303AC12009E7B71 /* drip.entitlements */ = {isa = PBXFileReference; lastKnownFileType = text.plist.entitlements; path = drip.entitlements; sourceTree = "<group>"; };
		D4061779210634BF003783CE /* QuartzCore.framework */ = {isa = PBXFileReference; lastKnownFileType = wrapper.framework; name = QuartzCore.framework; path = System/Library/Frameworks/QuartzCore.framework; sourceTree = SDKROOT; };
		D40617852107C1DF003783CE /* MapKit.framework */ = {isa = PBXFileReference; lastKnownFileType = wrapper.framework; name = MapKit.framework; path = System/Library/Frameworks/MapKit.framework; sourceTree = SDKROOT; };
		D40617872107C2A8003783CE /* DiscoverViewController.swift */ = {isa = PBXFileReference; lastKnownFileType = sourcecode.swift; path = DiscoverViewController.swift; sourceTree = "<group>"; };
		D42A181520AF1E04002CBD17 /* drip.app */ = {isa = PBXFileReference; explicitFileType = wrapper.application; includeInIndex = 0; path = drip.app; sourceTree = BUILT_PRODUCTS_DIR; };
		D42A181820AF1E04002CBD17 /* AppDelegate.swift */ = {isa = PBXFileReference; lastKnownFileType = sourcecode.swift; path = AppDelegate.swift; sourceTree = "<group>"; };
		D42A181A20AF1E04002CBD17 /* NewEntryController.swift */ = {isa = PBXFileReference; lastKnownFileType = sourcecode.swift; path = NewEntryController.swift; sourceTree = "<group>"; };
		D42A181F20AF1E05002CBD17 /* Base */ = {isa = PBXFileReference; lastKnownFileType = file.storyboard; name = Base; path = Base.lproj/Main.storyboard; sourceTree = "<group>"; };
		D42A182120AF1E05002CBD17 /* Assets.xcassets */ = {isa = PBXFileReference; lastKnownFileType = folder.assetcatalog; path = Assets.xcassets; sourceTree = "<group>"; };
		D42A182420AF1E05002CBD17 /* Base */ = {isa = PBXFileReference; lastKnownFileType = file.storyboard; name = Base; path = Base.lproj/LaunchScreen.storyboard; sourceTree = "<group>"; };
		D42A182620AF1E05002CBD17 /* Info.plist */ = {isa = PBXFileReference; lastKnownFileType = text.plist.xml; path = Info.plist; sourceTree = "<group>"; };
		D42A182C20AF21B6002CBD17 /* README.md */ = {isa = PBXFileReference; fileEncoding = 4; lastKnownFileType = net.daringfireball.markdown; path = README.md; sourceTree = "<group>"; };
		D447A0CD20B48AD5008E201D /* FlavorWheelEditViewController.swift */ = {isa = PBXFileReference; lastKnownFileType = sourcecode.swift; path = FlavorWheelEditViewController.swift; sourceTree = "<group>"; };
		D447A0EB20B7357F008E201D /* Models.swift */ = {isa = PBXFileReference; lastKnownFileType = sourcecode.swift; path = Models.swift; sourceTree = "<group>"; };
		D467CC942110FB2200F40129 /* SettingsViewController.swift */ = {isa = PBXFileReference; lastKnownFileType = sourcecode.swift; path = SettingsViewController.swift; sourceTree = "<group>"; };
		D4D281FF2101163D00F29E49 /* CoffeeTableViewCell.swift */ = {isa = PBXFileReference; lastKnownFileType = sourcecode.swift; path = CoffeeTableViewCell.swift; sourceTree = "<group>"; };
		EB111BB7365A997C62ADAA82 /* Pods_drip.framework */ = {isa = PBXFileReference; explicitFileType = wrapper.framework; includeInIndex = 0; path = Pods_drip.framework; sourceTree = BUILT_PRODUCTS_DIR; };
/* End PBXFileReference section */

/* Begin PBXFrameworksBuildPhase section */
		D42A181220AF1E04002CBD17 /* Frameworks */ = {
			isa = PBXFrameworksBuildPhase;
			buildActionMask = 2147483647;
			files = (
				D40617862107C1E0003783CE /* MapKit.framework in Frameworks */,
				D406177A210634BF003783CE /* QuartzCore.framework in Frameworks */,
				46095E435E9F7C0EBAB9C90F /* Pods_drip.framework in Frameworks */,
			);
			runOnlyForDeploymentPostprocessing = 0;
		};
/* End PBXFrameworksBuildPhase section */

/* Begin PBXGroup section */
		7B079C4F230346C800EDB99E /* Utilities */ = {
			isa = PBXGroup;
			children = (
				7B079C50230346D900EDB99E /* Extensions.swift */,
				7B07B1002304F7B000BC1712 /* DayFormatter.swift */,
			);
			path = Utilities;
			sourceTree = "<group>";
		};
		C2F360525054EE8D4B429652 /* Frameworks */ = {
			isa = PBXGroup;
			children = (
				D40617852107C1DF003783CE /* MapKit.framework */,
				D4061779210634BF003783CE /* QuartzCore.framework */,
				EB111BB7365A997C62ADAA82 /* Pods_drip.framework */,
			);
			name = Frameworks;
			sourceTree = "<group>";
		};
		D32E2D05C8B002C7353752F6 /* Pods */ = {
			isa = PBXGroup;
			children = (
				00329BD8CAC70D00FA8C87C1 /* Pods-drip.debug.xcconfig */,
				5AD2D166E83ACF0F71F10846 /* Pods-drip.release.xcconfig */,
			);
			name = Pods;
			sourceTree = "<group>";
		};
		D42A180C20AF1E04002CBD17 = {
			isa = PBXGroup;
			children = (
				D42A182C20AF21B6002CBD17 /* README.md */,
				D42A181720AF1E04002CBD17 /* drip */,
				D42A181620AF1E04002CBD17 /* Products */,
				D32E2D05C8B002C7353752F6 /* Pods */,
				C2F360525054EE8D4B429652 /* Frameworks */,
			);
			sourceTree = "<group>";
		};
		D42A181620AF1E04002CBD17 /* Products */ = {
			isa = PBXGroup;
			children = (
				D42A181520AF1E04002CBD17 /* drip.app */,
			);
			name = Products;
			sourceTree = "<group>";
		};
		D42A181720AF1E04002CBD17 /* drip */ = {
			isa = PBXGroup;
			children = (
				7B4026B82303AC12009E7B71 /* drip.entitlements */,
				7B079C4F230346C800EDB99E /* Utilities */,
				D42A181820AF1E04002CBD17 /* AppDelegate.swift */,
				D467CC962110FB6900F40129 /* View Controllers */,
				D467CC9A2110FBA200F40129 /* Views */,
				D467CC992110FB9800F40129 /* Models */,
				D467CC972110FB7D00F40129 /* Storyboards */,
				D467CC982110FB8C00F40129 /* Resources */,
			);
			path = drip;
			sourceTree = "<group>";
		};
		D467CC962110FB6900F40129 /* View Controllers */ = {
			isa = PBXGroup;
			children = (
				7B079C4B23030F3300EDB99E /* CoffeeTableViewController.swift */,
				7B079C4923030EF800EDB99E /* DetailViewController.swift */,
				D42A181A20AF1E04002CBD17 /* NewEntryController.swift */,
				D447A0CD20B48AD5008E201D /* FlavorWheelEditViewController.swift */,
				D40617872107C2A8003783CE /* DiscoverViewController.swift */,
				D467CC942110FB2200F40129 /* SettingsViewController.swift */,
				7B07B0FA2304809000BC1712 /* StatsViewController.swift */,
			);
			path = "View Controllers";
			sourceTree = "<group>";
		};
		D467CC972110FB7D00F40129 /* Storyboards */ = {
			isa = PBXGroup;
			children = (
				D42A181E20AF1E05002CBD17 /* Main.storyboard */,
				D42A182320AF1E05002CBD17 /* LaunchScreen.storyboard */,
			);
			path = Storyboards;
			sourceTree = "<group>";
		};
		D467CC982110FB8C00F40129 /* Resources */ = {
			isa = PBXGroup;
			children = (
				D42A182120AF1E05002CBD17 /* Assets.xcassets */,
				D42A182620AF1E05002CBD17 /* Info.plist */,
			);
			path = Resources;
			sourceTree = "<group>";
		};
		D467CC992110FB9800F40129 /* Models */ = {
			isa = PBXGroup;
			children = (
				D447A0EB20B7357F008E201D /* Models.swift */,
			);
			path = Models;
			sourceTree = "<group>";
		};
		D467CC9A2110FBA200F40129 /* Views */ = {
			isa = PBXGroup;
			children = (
				D4D281FF2101163D00F29E49 /* CoffeeTableViewCell.swift */,
				7B079C4723030CC300EDB99E /* CoffeeChartCell.swift */,
				7B079C4D2303426900EDB99E /* CoffeeOverviewCell.swift */,
				7B079C5223035C6600EDB99E /* CoffeeHistoryCell.swift */,
				7B07B0FC2304EC1100BC1712 /* StatCell.swift */,
			);
			path = Views;
			sourceTree = "<group>";
		};
/* End PBXGroup section */

/* Begin PBXNativeTarget section */
		D42A181420AF1E04002CBD17 /* drip */ = {
			isa = PBXNativeTarget;
			buildConfigurationList = D42A182920AF1E05002CBD17 /* Build configuration list for PBXNativeTarget "drip" */;
			buildPhases = (
				205910E6155AD89A3B5415CF /* [CP] Check Pods Manifest.lock */,
				D42A181120AF1E04002CBD17 /* Sources */,
				D42A181220AF1E04002CBD17 /* Frameworks */,
				D42A181320AF1E04002CBD17 /* Resources */,
				800C556F58095A1FCD05EF0D /* [CP] Embed Pods Frameworks */,
			);
			buildRules = (
			);
			dependencies = (
			);
			name = drip;
			productName = drip;
			productReference = D42A181520AF1E04002CBD17 /* drip.app */;
			productType = "com.apple.product-type.application";
		};
/* End PBXNativeTarget section */

/* Begin PBXProject section */
		D42A180D20AF1E04002CBD17 /* Project object */ = {
			isa = PBXProject;
			attributes = {
				LastSwiftUpdateCheck = 0920;
				LastUpgradeCheck = 0940;
				ORGANIZATIONNAME = "Grant Isom";
				TargetAttributes = {
					D42A181420AF1E04002CBD17 = {
						CreatedOnToolsVersion = 9.2;
						LastSwiftMigration = 1000;
						ProvisioningStyle = Automatic;
						SystemCapabilities = {
							com.apple.Keychain = {
								enabled = 1;
							};
						};
					};
				};
			};
			buildConfigurationList = D42A181020AF1E04002CBD17 /* Build configuration list for PBXProject "drip" */;
			compatibilityVersion = "Xcode 8.0";
			developmentRegion = en;
			hasScannedForEncodings = 0;
			knownRegions = (
				en,
				Base,
			);
			mainGroup = D42A180C20AF1E04002CBD17;
			productRefGroup = D42A181620AF1E04002CBD17 /* Products */;
			projectDirPath = "";
			projectRoot = "";
			targets = (
				D42A181420AF1E04002CBD17 /* drip */,
			);
		};
/* End PBXProject section */

/* Begin PBXResourcesBuildPhase section */
		D42A181320AF1E04002CBD17 /* Resources */ = {
			isa = PBXResourcesBuildPhase;
			buildActionMask = 2147483647;
			files = (
				D42A182520AF1E05002CBD17 /* LaunchScreen.storyboard in Resources */,
				D42A182220AF1E05002CBD17 /* Assets.xcassets in Resources */,
				D42A182D20AF21B6002CBD17 /* README.md in Resources */,
				D42A182020AF1E05002CBD17 /* Main.storyboard in Resources */,
			);
			runOnlyForDeploymentPostprocessing = 0;
		};
/* End PBXResourcesBuildPhase section */

/* Begin PBXShellScriptBuildPhase section */
		205910E6155AD89A3B5415CF /* [CP] Check Pods Manifest.lock */ = {
			isa = PBXShellScriptBuildPhase;
			buildActionMask = 2147483647;
			files = (
			);
			inputPaths = (
				"${PODS_PODFILE_DIR_PATH}/Podfile.lock",
				"${PODS_ROOT}/Manifest.lock",
			);
			name = "[CP] Check Pods Manifest.lock";
			outputPaths = (
				"$(DERIVED_FILE_DIR)/Pods-drip-checkManifestLockResult.txt",
			);
			runOnlyForDeploymentPostprocessing = 0;
			shellPath = /bin/sh;
			shellScript = "diff \"${PODS_PODFILE_DIR_PATH}/Podfile.lock\" \"${PODS_ROOT}/Manifest.lock\" > /dev/null\nif [ $? != 0 ] ; then\n    # print error to STDERR\n    echo \"error: The sandbox is not in sync with the Podfile.lock. Run 'pod install' or update your CocoaPods installation.\" >&2\n    exit 1\nfi\n# This output is used by Xcode 'outputs' to avoid re-running this script phase.\necho \"SUCCESS\" > \"${SCRIPT_OUTPUT_FILE_0}\"\n";
			showEnvVarsInLog = 0;
		};
		800C556F58095A1FCD05EF0D /* [CP] Embed Pods Frameworks */ = {
			isa = PBXShellScriptBuildPhase;
			buildActionMask = 2147483647;
			files = (
			);
			inputPaths = (
				"${PODS_ROOT}/Target Support Files/Pods-drip/Pods-drip-frameworks.sh",
				"${BUILT_PRODUCTS_DIR}/Charts/Charts.framework",
				"${BUILT_PRODUCTS_DIR}/Cosmos/Cosmos.framework",
				"${BUILT_PRODUCTS_DIR}/DZNEmptyDataSet/DZNEmptyDataSet.framework",
				"${BUILT_PRODUCTS_DIR}/Eureka/Eureka.framework",
				"${BUILT_PRODUCTS_DIR}/ImageRow/ImageRow.framework",
				"${BUILT_PRODUCTS_DIR}/Realm/Realm.framework",
				"${BUILT_PRODUCTS_DIR}/RealmSwift/RealmSwift.framework",
				"${BUILT_PRODUCTS_DIR}/SwiftMessages/SwiftMessages.framework",
				"${BUILT_PRODUCTS_DIR}/UICountingLabel/UICountingLabel.framework",
			);
			name = "[CP] Embed Pods Frameworks";
			outputPaths = (
				"${TARGET_BUILD_DIR}/${FRAMEWORKS_FOLDER_PATH}/Charts.framework",
				"${TARGET_BUILD_DIR}/${FRAMEWORKS_FOLDER_PATH}/Cosmos.framework",
				"${TARGET_BUILD_DIR}/${FRAMEWORKS_FOLDER_PATH}/DZNEmptyDataSet.framework",
				"${TARGET_BUILD_DIR}/${FRAMEWORKS_FOLDER_PATH}/Eureka.framework",
				"${TARGET_BUILD_DIR}/${FRAMEWORKS_FOLDER_PATH}/ImageRow.framework",
				"${TARGET_BUILD_DIR}/${FRAMEWORKS_FOLDER_PATH}/Realm.framework",
				"${TARGET_BUILD_DIR}/${FRAMEWORKS_FOLDER_PATH}/RealmSwift.framework",
				"${TARGET_BUILD_DIR}/${FRAMEWORKS_FOLDER_PATH}/SwiftMessages.framework",
				"${TARGET_BUILD_DIR}/${FRAMEWORKS_FOLDER_PATH}/UICountingLabel.framework",
			);
			runOnlyForDeploymentPostprocessing = 0;
			shellPath = /bin/sh;
			shellScript = "\"${PODS_ROOT}/Target Support Files/Pods-drip/Pods-drip-frameworks.sh\"\n";
			showEnvVarsInLog = 0;
		};
/* End PBXShellScriptBuildPhase section */

/* Begin PBXSourcesBuildPhase section */
		D42A181120AF1E04002CBD17 /* Sources */ = {
			isa = PBXSourcesBuildPhase;
			buildActionMask = 2147483647;
			files = (
				D4D282002101163D00F29E49 /* CoffeeTableViewCell.swift in Sources */,
				7B079C4823030CC300EDB99E /* CoffeeChartCell.swift in Sources */,
				D42A181920AF1E04002CBD17 /* AppDelegate.swift in Sources */,
				D447A0CE20B48AD5008E201D /* FlavorWheelEditViewController.swift in Sources */,
				7B07B0FB2304809000BC1712 /* StatsViewController.swift in Sources */,
				D40617882107C2A8003783CE /* DiscoverViewController.swift in Sources */,
				D42A181B20AF1E04002CBD17 /* NewEntryController.swift in Sources */,
				7B079C4A23030EF800EDB99E /* DetailViewController.swift in Sources */,
				7B079C51230346D900EDB99E /* Extensions.swift in Sources */,
				7B079C5323035C6700EDB99E /* CoffeeHistoryCell.swift in Sources */,
				7B079C4E2303426900EDB99E /* CoffeeOverviewCell.swift in Sources */,
				7B079C4C23030F3300EDB99E /* CoffeeTableViewController.swift in Sources */,
				7B07B0FD2304EC1100BC1712 /* StatCell.swift in Sources */,
				D447A0EC20B7357F008E201D /* Models.swift in Sources */,
				D467CC952110FB2200F40129 /* SettingsViewController.swift in Sources */,
				7B07B1012304F7B000BC1712 /* DayFormatter.swift in Sources */,
			);
			runOnlyForDeploymentPostprocessing = 0;
		};
/* End PBXSourcesBuildPhase section */

/* Begin PBXVariantGroup section */
		D42A181E20AF1E05002CBD17 /* Main.storyboard */ = {
			isa = PBXVariantGroup;
			children = (
				D42A181F20AF1E05002CBD17 /* Base */,
			);
			name = Main.storyboard;
			sourceTree = "<group>";
		};
		D42A182320AF1E05002CBD17 /* LaunchScreen.storyboard */ = {
			isa = PBXVariantGroup;
			children = (
				D42A182420AF1E05002CBD17 /* Base */,
			);
			name = LaunchScreen.storyboard;
			sourceTree = "<group>";
		};
/* End PBXVariantGroup section */

/* Begin XCBuildConfiguration section */
		D42A182720AF1E05002CBD17 /* Debug */ = {
			isa = XCBuildConfiguration;
			buildSettings = {
				ALWAYS_SEARCH_USER_PATHS = NO;
				CLANG_ANALYZER_NONNULL = YES;
				CLANG_ANALYZER_NUMBER_OBJECT_CONVERSION = YES_AGGRESSIVE;
				CLANG_CXX_LANGUAGE_STANDARD = "gnu++14";
				CLANG_CXX_LIBRARY = "libc++";
				CLANG_ENABLE_MODULES = YES;
				CLANG_ENABLE_OBJC_ARC = YES;
				CLANG_WARN_BLOCK_CAPTURE_AUTORELEASING = YES;
				CLANG_WARN_BOOL_CONVERSION = YES;
				CLANG_WARN_COMMA = YES;
				CLANG_WARN_CONSTANT_CONVERSION = YES;
				CLANG_WARN_DEPRECATED_OBJC_IMPLEMENTATIONS = YES;
				CLANG_WARN_DIRECT_OBJC_ISA_USAGE = YES_ERROR;
				CLANG_WARN_DOCUMENTATION_COMMENTS = YES;
				CLANG_WARN_EMPTY_BODY = YES;
				CLANG_WARN_ENUM_CONVERSION = YES;
				CLANG_WARN_INFINITE_RECURSION = YES;
				CLANG_WARN_INT_CONVERSION = YES;
				CLANG_WARN_NON_LITERAL_NULL_CONVERSION = YES;
				CLANG_WARN_OBJC_IMPLICIT_RETAIN_SELF = YES;
				CLANG_WARN_OBJC_LITERAL_CONVERSION = YES;
				CLANG_WARN_OBJC_ROOT_CLASS = YES_ERROR;
				CLANG_WARN_RANGE_LOOP_ANALYSIS = YES;
				CLANG_WARN_STRICT_PROTOTYPES = YES;
				CLANG_WARN_SUSPICIOUS_MOVE = YES;
				CLANG_WARN_UNGUARDED_AVAILABILITY = YES_AGGRESSIVE;
				CLANG_WARN_UNREACHABLE_CODE = YES;
				CLANG_WARN__DUPLICATE_METHOD_MATCH = YES;
				CODE_SIGN_IDENTITY = "iPhone Developer";
				COPY_PHASE_STRIP = NO;
				DEBUG_INFORMATION_FORMAT = dwarf;
				ENABLE_STRICT_OBJC_MSGSEND = YES;
				ENABLE_TESTABILITY = YES;
				GCC_C_LANGUAGE_STANDARD = gnu11;
				GCC_DYNAMIC_NO_PIC = NO;
				GCC_NO_COMMON_BLOCKS = YES;
				GCC_OPTIMIZATION_LEVEL = 0;
				GCC_PREPROCESSOR_DEFINITIONS = (
					"DEBUG=1",
					"$(inherited)",
				);
				GCC_WARN_64_TO_32_BIT_CONVERSION = YES;
				GCC_WARN_ABOUT_RETURN_TYPE = YES_ERROR;
				GCC_WARN_UNDECLARED_SELECTOR = YES;
				GCC_WARN_UNINITIALIZED_AUTOS = YES_AGGRESSIVE;
				GCC_WARN_UNUSED_FUNCTION = YES;
				GCC_WARN_UNUSED_VARIABLE = YES;
				IPHONEOS_DEPLOYMENT_TARGET = 11.2;
				MTL_ENABLE_DEBUG_INFO = YES;
				ONLY_ACTIVE_ARCH = YES;
				SDKROOT = iphoneos;
				SWIFT_ACTIVE_COMPILATION_CONDITIONS = DEBUG;
				SWIFT_OPTIMIZATION_LEVEL = "-Onone";
			};
			name = Debug;
		};
		D42A182820AF1E05002CBD17 /* Release */ = {
			isa = XCBuildConfiguration;
			buildSettings = {
				ALWAYS_SEARCH_USER_PATHS = NO;
				CLANG_ANALYZER_NONNULL = YES;
				CLANG_ANALYZER_NUMBER_OBJECT_CONVERSION = YES_AGGRESSIVE;
				CLANG_CXX_LANGUAGE_STANDARD = "gnu++14";
				CLANG_CXX_LIBRARY = "libc++";
				CLANG_ENABLE_MODULES = YES;
				CLANG_ENABLE_OBJC_ARC = YES;
				CLANG_WARN_BLOCK_CAPTURE_AUTORELEASING = YES;
				CLANG_WARN_BOOL_CONVERSION = YES;
				CLANG_WARN_COMMA = YES;
				CLANG_WARN_CONSTANT_CONVERSION = YES;
				CLANG_WARN_DEPRECATED_OBJC_IMPLEMENTATIONS = YES;
				CLANG_WARN_DIRECT_OBJC_ISA_USAGE = YES_ERROR;
				CLANG_WARN_DOCUMENTATION_COMMENTS = YES;
				CLANG_WARN_EMPTY_BODY = YES;
				CLANG_WARN_ENUM_CONVERSION = YES;
				CLANG_WARN_INFINITE_RECURSION = YES;
				CLANG_WARN_INT_CONVERSION = YES;
				CLANG_WARN_NON_LITERAL_NULL_CONVERSION = YES;
				CLANG_WARN_OBJC_IMPLICIT_RETAIN_SELF = YES;
				CLANG_WARN_OBJC_LITERAL_CONVERSION = YES;
				CLANG_WARN_OBJC_ROOT_CLASS = YES_ERROR;
				CLANG_WARN_RANGE_LOOP_ANALYSIS = YES;
				CLANG_WARN_STRICT_PROTOTYPES = YES;
				CLANG_WARN_SUSPICIOUS_MOVE = YES;
				CLANG_WARN_UNGUARDED_AVAILABILITY = YES_AGGRESSIVE;
				CLANG_WARN_UNREACHABLE_CODE = YES;
				CLANG_WARN__DUPLICATE_METHOD_MATCH = YES;
				CODE_SIGN_IDENTITY = "iPhone Developer";
				COPY_PHASE_STRIP = NO;
				DEBUG_INFORMATION_FORMAT = "dwarf-with-dsym";
				ENABLE_NS_ASSERTIONS = NO;
				ENABLE_STRICT_OBJC_MSGSEND = YES;
				GCC_C_LANGUAGE_STANDARD = gnu11;
				GCC_NO_COMMON_BLOCKS = YES;
				GCC_WARN_64_TO_32_BIT_CONVERSION = YES;
				GCC_WARN_ABOUT_RETURN_TYPE = YES_ERROR;
				GCC_WARN_UNDECLARED_SELECTOR = YES;
				GCC_WARN_UNINITIALIZED_AUTOS = YES_AGGRESSIVE;
				GCC_WARN_UNUSED_FUNCTION = YES;
				GCC_WARN_UNUSED_VARIABLE = YES;
				IPHONEOS_DEPLOYMENT_TARGET = 11.2;
				MTL_ENABLE_DEBUG_INFO = NO;
				SDKROOT = iphoneos;
				SWIFT_OPTIMIZATION_LEVEL = "-Owholemodule";
				VALIDATE_PRODUCT = YES;
			};
			name = Release;
		};
		D42A182A20AF1E05002CBD17 /* Debug */ = {
			isa = XCBuildConfiguration;
			baseConfigurationReference = 00329BD8CAC70D00FA8C87C1 /* Pods-drip.debug.xcconfig */;
			buildSettings = {
				ASSETCATALOG_COMPILER_APPICON_NAME = AppIcon;
				CODE_SIGN_ENTITLEMENTS = drip/drip.entitlements;
				CODE_SIGN_IDENTITY = "iPhone Developer";
				CODE_SIGN_STYLE = Automatic;
				DEVELOPMENT_TEAM = 3D247B7547;
				INFOPLIST_FILE = drip/Resources/Info.plist;
				LD_RUNPATH_SEARCH_PATHS = "$(inherited) @executable_path/Frameworks";
				PRODUCT_BUNDLE_IDENTIFIER = com.isom.coffee.drip;
				PRODUCT_NAME = "$(TARGET_NAME)";
				PROVISIONING_PROFILE_SPECIFIER = "";
				SWIFT_VERSION = 4.2;
				TARGETED_DEVICE_FAMILY = "1,2";
			};
			name = Debug;
		};
		D42A182B20AF1E05002CBD17 /* Release */ = {
			isa = XCBuildConfiguration;
			baseConfigurationReference = 5AD2D166E83ACF0F71F10846 /* Pods-drip.release.xcconfig */;
			buildSettings = {
				ASSETCATALOG_COMPILER_APPICON_NAME = AppIcon;
				CODE_SIGN_ENTITLEMENTS = drip/drip.entitlements;
				CODE_SIGN_IDENTITY = "iPhone Developer";
				CODE_SIGN_STYLE = Automatic;
				DEVELOPMENT_TEAM = 3D247B7547;
				INFOPLIST_FILE = drip/Resources/Info.plist;
				LD_RUNPATH_SEARCH_PATHS = "$(inherited) @executable_path/Frameworks";
				PRODUCT_BUNDLE_IDENTIFIER = com.isom.coffee.drip;
				PRODUCT_NAME = "$(TARGET_NAME)";
				PROVISIONING_PROFILE_SPECIFIER = "";
				SWIFT_VERSION = 4.2;
				TARGETED_DEVICE_FAMILY = "1,2";
			};
			name = Release;
		};
/* End XCBuildConfiguration section */

/* Begin XCConfigurationList section */
		D42A181020AF1E04002CBD17 /* Build configuration list for PBXProject "drip" */ = {
			isa = XCConfigurationList;
			buildConfigurations = (
				D42A182720AF1E05002CBD17 /* Debug */,
				D42A182820AF1E05002CBD17 /* Release */,
			);
			defaultConfigurationIsVisible = 0;
			defaultConfigurationName = Release;
		};
		D42A182920AF1E05002CBD17 /* Build configuration list for PBXNativeTarget "drip" */ = {
			isa = XCConfigurationList;
			buildConfigurations = (
				D42A182A20AF1E05002CBD17 /* Debug */,
				D42A182B20AF1E05002CBD17 /* Release */,
			);
			defaultConfigurationIsVisible = 0;
			defaultConfigurationName = Release;
		};
/* End XCConfigurationList section */
	};
	rootObject = D42A180D20AF1E04002CBD17 /* Project object */;
}
